
Microsoft Visual Studio Solution File, Format Version 12.00
# Visual Studio 15
VisualStudioVersion = 15.0.28307.2017
MinimumVisualStudioVersion = 10.0.40219.1
Project("{F184B08F-C81C-45F6-A57F-5ABD9991F28F}") = "SDS6CTL", "SDS6CTL.vbproj", "{BBF3D3B8-2BEC-471A-9B1B-AA9089149E15}"
EndProject
Global
	GlobalSection(SolutionConfigurationPlatforms) = preSolution
		Debug|x86 = Debug|x86
		Release|x86 = Release|x86
	EndGlobalSection
	GlobalSection(ProjectConfigurationPlatforms) = postSolution
		{BBF3D3B8-2BEC-471A-9B1B-AA9089149E15}.Debug|x86.ActiveCfg = Debug|x86
		{BBF3D3B8-2BEC-471A-9B1B-AA9089149E15}.Debug|x86.Build.0 = Debug|x86
		{BBF3D3B8-2BEC-471A-9B1B-AA9089149E15}.Release|x86.ActiveCfg = Release|x86
		{BBF3D3B8-2BEC-471A-9B1B-AA9089149E15}.Release|x86.Build.0 = Release|x86
	EndGlobalSection
	GlobalSection(SolutionProperties) = preSolution
		HideSolutionNode = FALSE
	EndGlobalSection
	GlobalSection(ExtensibilityGlobals) = postSolution
		SolutionGuid = {ABD2FD7F-025E-47F2-88C0-204343FF6784}
	EndGlobalSection
EndGlobal
